{
  "name": "jupyter-health-software-documentation",
  "version": "0.0.0",
  "lockfileVersion": 3,
  "requires": true,
  "packages": {
    "": {
      "name": "jupyter-health-software-documentation",
      "version": "0.0.0",
      "dependencies": {
        "mystmd": "^1.8.3"
      }
    },
    "node_modules/mystmd": {
      "version": "1.8.3",
      "resolved": "https://registry.npmjs.org/mystmd/-/mystmd-1.8.3.tgz",
      "integrity": "sha512-sAdTEgy3EX9lc/qddzgJU62oCZTMhGgu0GZsCuMCmOuXXsyDMqHGW4lEE+eMmk8bx+2DsmkTnlQnaKgVq03gfw==",
      "license": "MIT",
      "bin": {
        "myst": "dist/myst.cjs"
      }
    }
  }
}
